// !$*UTF8*$!
{
	archiveVersion = 1;
	classes = {
	};
	objectVersion = 46;
	objects = {

/* Begin PBXBuildFile section */
		834A2C551E8A60ED003FD1CF /* AppDelegate.swift in Sources */ = {isa = PBXBuildFile; fileRef = 834A2C541E8A60ED003FD1CF /* AppDelegate.swift */; };
		834A2C571E8A60ED003FD1CF /* ViewController.swift in Sources */ = {isa = PBXBuildFile; fileRef = 834A2C561E8A60ED003FD1CF /* ViewController.swift */; };
		834A2C5A1E8A60ED003FD1CF /* Main.storyboard in Resources */ = {isa = PBXBuildFile; fileRef = 834A2C581E8A60ED003FD1CF /* Main.storyboard */; };
		834A2C5C1E8A60ED003FD1CF /* Assets.xcassets in Resources */ = {isa = PBXBuildFile; fileRef = 834A2C5B1E8A60ED003FD1CF /* Assets.xcassets */; };
		834A2C5F1E8A60ED003FD1CF /* LaunchScreen.storyboard in Resources */ = {isa = PBXBuildFile; fileRef = 834A2C5D1E8A60ED003FD1CF /* LaunchScreen.storyboard */; };
		834A2C6A1E8A60ED003FD1CF /* ApplePayTestTests.swift in Sources */ = {isa = PBXBuildFile; fileRef = 834A2C691E8A60ED003FD1CF /* ApplePayTestTests.swift */; };
/* End PBXBuildFile section */

/* Begin PBXContainerItemProxy section */
		834A2C661E8A60ED003FD1CF /* PBXContainerItemProxy */ = {
			isa = PBXContainerItemProxy;
			containerPortal = 834A2C491E8A60ED003FD1CF /* Project object */;
			proxyType = 1;
			remoteGlobalIDString = 834A2C501E8A60ED003FD1CF;
			remoteInfo = ApplePayTest;
		};
/* End PBXContainerItemProxy section */

/* Begin PBXFileReference section */
		834A2C511E8A60ED003FD1CF /* ApplePayTest.app */ = {isa = PBXFileReference; explicitFileType = wrapper.application; includeInIndex = 0; path = ApplePayTest.app; sourceTree = BUILT_PRODUCTS_DIR; };
		834A2C541E8A60ED003FD1CF /* AppDelegate.swift */ = {isa = PBXFileReference; lastKnownFileType = sourcecode.swift; path = AppDelegate.swift; sourceTree = "<group>"; };
		834A2C561E8A60ED003FD1CF /* ViewController.swift */ = {isa = PBXFileReference; lastKnownFileType = sourcecode.swift; path = ViewController.swift; sourceTree = "<group>"; };
		834A2C591E8A60ED003FD1CF /* Base */ = {isa = PBXFileReference; lastKnownFileType = file.storyboard; name = Base; path = Base.lproj/Main.storyboard; sourceTree = "<group>"; };
		834A2C5B1E8A60ED003FD1CF /* Assets.xcassets */ = {isa = PBXFileReference; lastKnownFileType = folder.assetcatalog; path = Assets.xcassets; sourceTree = "<group>"; };
		834A2C5E1E8A60ED003FD1CF /* Base */ = {isa = PBXFileReference; lastKnownFileType = file.storyboard; name = Base; path = Base.lproj/LaunchScreen.storyboard; sourceTree = "<group>"; };
		834A2C601E8A60ED003FD1CF /* Info.plist */ = {isa = PBXFileReference; lastKnownFileType = text.plist.xml; path = Info.plist; sourceTree = "<group>"; };
		834A2C651E8A60ED003FD1CF /* ApplePayTestTests.xctest */ = {isa = PBXFileReference; explicitFileType = wrapper.cfbundle; includeInIndex = 0; path = ApplePayTestTests.xctest; sourceTree = BUILT_PRODUCTS_DIR; };
		834A2C691E8A60ED003FD1CF /* ApplePayTestTests.swift */ = {isa = PBXFileReference; lastKnownFileType = sourcecode.swift; path = ApplePayTestTests.swift; sourceTree = "<group>"; };
		834A2C6B1E8A60ED003FD1CF /* Info.plist */ = {isa = PBXFileReference; lastKnownFileType = text.plist.xml; path = Info.plist; sourceTree = "<group>"; };
		834A2C741E8A617E003FD1CF /* ApplePayTest.entitlements */ = {isa = PBXFileReference; lastKnownFileType = text.plist.entitlements; path = ApplePayTest.entitlements; sourceTree = "<group>"; };
/* End PBXFileReference section */

/* Begin PBXFrameworksBuildPhase section */
		834A2C4E1E8A60ED003FD1CF /* Frameworks */ = {
			isa = PBXFrameworksBuildPhase;
			buildActionMask = 2147483647;
			files = (
			);
			runOnlyForDeploymentPostprocessing = 0;
		};
		834A2C621E8A60ED003FD1CF /* Frameworks */ = {
			isa = PBXFrameworksBuildPhase;
			buildActionMask = 2147483647;
			files = (
			);
			runOnlyForDeploymentPostprocessing = 0;
		};
/* End PBXFrameworksBuildPhase section */

/* Begin PBXGroup section */
		834A2C481E8A60ED003FD1CF = {
			isa = PBXGroup;
			children = (
				834A2C531E8A60ED003FD1CF /* ApplePayTest */,
				834A2C681E8A60ED003FD1CF /* ApplePayTestTests */,
				834A2C521E8A60ED003FD1CF /* Products */,
			);
			sourceTree = "<group>";
		};
		834A2C521E8A60ED003FD1CF /* Products */ = {
			isa = PBXGroup;
			children = (
				834A2C511E8A60ED003FD1CF /* ApplePayTest.app */,
				834A2C651E8A60ED003FD1CF /* ApplePayTestTests.xctest */,
			);
			name = Products;
			sourceTree = "<group>";
		};
		834A2C531E8A60ED003FD1CF /* ApplePayTest */ = {
			isa = PBXGroup;
			children = (
				834A2C741E8A617E003FD1CF /* ApplePayTest.entitlements */,
				834A2C541E8A60ED003FD1CF /* AppDelegate.swift */,
				834A2C561E8A60ED003FD1CF /* ViewController.swift */,
				834A2C581E8A60ED003FD1CF /* Main.storyboard */,
				834A2C5B1E8A60ED003FD1CF /* Assets.xcassets */,
				834A2C5D1E8A60ED003FD1CF /* LaunchScreen.storyboard */,
				834A2C601E8A60ED003FD1CF /* Info.plist */,
			);
			path = ApplePayTest;
			sourceTree = "<group>";
		};
		834A2C681E8A60ED003FD1CF /* ApplePayTestTests */ = {
			isa = PBXGroup;
			children = (
				834A2C691E8A60ED003FD1CF /* ApplePayTestTests.swift */,
				834A2C6B1E8A60ED003FD1CF /* Info.plist */,
			);
			path = ApplePayTestTests;
			sourceTree = "<group>";
		};
/* End PBXGroup section */

/* Begin PBXNativeTarget section */
		834A2C501E8A60ED003FD1CF /* ApplePayTest */ = {
			isa = PBXNativeTarget;
			buildConfigurationList = 834A2C6E1E8A60ED003FD1CF /* Build configuration list for PBXNativeTarget "ApplePayTest" */;
			buildPhases = (
				834A2C4D1E8A60ED003FD1CF /* Sources */,
				834A2C4E1E8A60ED003FD1CF /* Frameworks */,
				834A2C4F1E8A60ED003FD1CF /* Resources */,
			);
			buildRules = (
			);
			dependencies = (
			);
			name = ApplePayTest;
			productName = ApplePayTest;
			productReference = 834A2C511E8A60ED003FD1CF /* ApplePayTest.app */;
			productType = "com.apple.product-type.application";
		};
		834A2C641E8A60ED003FD1CF /* ApplePayTestTests */ = {
			isa = PBXNativeTarget;
			buildConfigurationList = 834A2C711E8A60ED003FD1CF /* Build configuration list for PBXNativeTarget "ApplePayTestTests" */;
			buildPhases = (
				834A2C611E8A60ED003FD1CF /* Sources */,
				834A2C621E8A60ED003FD1CF /* Frameworks */,
				834A2C631E8A60ED003FD1CF /* Resources */,
			);
			buildRules = (
			);
			dependencies = (
				834A2C671E8A60ED003FD1CF /* PBXTargetDependency */,
			);
			name = ApplePayTestTests;
			productName = ApplePayTestTests;
			productReference = 834A2C651E8A60ED003FD1CF /* ApplePayTestTests.xctest */;
			productType = "com.apple.product-type.bundle.unit-test";
		};
/* End PBXNativeTarget section */

/* Begin PBXProject section */
		834A2C491E8A60ED003FD1CF /* Project object */ = {
			isa = PBXProject;
			attributes = {
				LastSwiftUpdateCheck = 0820;
				LastUpgradeCheck = 0820;
				ORGANIZATIONNAME = objc.io;
				TargetAttributes = {
					834A2C501E8A60ED003FD1CF = {
						CreatedOnToolsVersion = 8.2.1;
						DevelopmentTeam = 58PSC9526Y;
						ProvisioningStyle = Automatic;
						SystemCapabilities = {
							com.apple.ApplePay = {
								enabled = 1;
							};
						};
					};
					834A2C641E8A60ED003FD1CF = {
						CreatedOnToolsVersion = 8.2.1;
						ProvisioningStyle = Automatic;
						TestTargetID = 834A2C501E8A60ED003FD1CF;
					};
				};
			};
			buildConfigurationList = 834A2C4C1E8A60ED003FD1CF /* Build configuration list for PBXProject "ApplePayTest" */;
			compatibilityVersion = "Xcode 3.2";
			developmentRegion = English;
			hasScannedForEncodings = 0;
			knownRegions = (
				en,
				Base,
			);
			mainGroup = 834A2C481E8A60ED003FD1CF;
			productRefGroup = 834A2C521E8A60ED003FD1CF /* Products */;
			projectDirPath = "";
			projectRoot = "";
			targets = (
				834A2C501E8A60ED003FD1CF /* ApplePayTest */,
				834A2C641E8A60ED003FD1CF /* ApplePayTestTests */,
			);
		};
/* End PBXProject section */

/* Begin PBXResourcesBuildPhase section */
		834A2C4F1E8A60ED003FD1CF /* Resources */ = {
			isa = PBXResourcesBuildPhase;
			buildActionMask = 2147483647;
			files = (
				834A2C5F1E8A60ED003FD1CF /* LaunchScreen.storyboard in Resources */,
				834A2C5C1E8A60ED003FD1CF /* Assets.xcassets in Resources */,
				834A2C5A1E8A60ED003FD1CF /* Main.storyboard in Resources */,
			);
			runOnlyForDeploymentPostprocessing = 0;
		};
		834A2C631E8A60ED003FD1CF /* Resources */ = {
			isa = PBXResourcesBuildPhase;
			buildActionMask = 2147483647;
			files = (
			);
			runOnlyForDeploymentPostprocessing = 0;
		};
/* End PBXResourcesBuildPhase section */

/* Begin PBXSourcesBuildPhase section */
		834A2C4D1E8A60ED003FD1CF /* Sources */ = {
			isa = PBXSourcesBuildPhase;
			buildActionMask = 2147483647;
			files = (
				834A2C571E8A60ED003FD1CF /* ViewController.swift in Sources */,
				834A2C551E8A60ED003FD1CF /* AppDelegate.swift in Sources */,
			);
			runOnlyForDeploymentPostprocessing = 0;
		};
		834A2C611E8A60ED003FD1CF /* Sources */ = {
			isa = PBXSourcesBuildPhase;
			buildActionMask = 2147483647;
			files = (
				834A2C6A1E8A60ED003FD1CF /* ApplePayTestTests.swift in Sources */,
			);
			runOnlyForDeploymentPostprocessing = 0;
		};
/* End PBXSourcesBuildPhase section */

/* Begin PBXTargetDependency section */
		834A2C671E8A60ED003FD1CF /* PBXTargetDependency */ = {
			isa = PBXTargetDependency;
			target = 834A2C501E8A60ED003FD1CF /* ApplePayTest */;
			targetProxy = 834A2C661E8A60ED003FD1CF /* PBXContainerItemProxy */;
		};
/* End PBXTargetDependency section */

/* Begin PBXVariantGroup section */
		834A2C581E8A60ED003FD1CF /* Main.storyboard */ = {
			isa = PBXVariantGroup;
			children = (
				834A2C591E8A60ED003FD1CF /* Base */,
			);
			name = Main.storyboard;
			sourceTree = "<group>";
		};
		834A2C5D1E8A60ED003FD1CF /* LaunchScreen.storyboard */ = {
			isa = PBXVariantGroup;
			children = (
				834A2C5E1E8A60ED003FD1CF /* Base */,
			);
			name = LaunchScreen.storyboard;
			sourceTree = "<group>";
		};
/* End PBXVariantGroup section */

/* Begin XCBuildConfiguration section */
		834A2C6C1E8A60ED003FD1CF /* Debug */ = {
			isa = XCBuildConfiguration;
			buildSettings = {
				ALWAYS_SEARCH_USER_PATHS = NO;
				CLANG_ANALYZER_NONNULL = YES;
				CLANG_CXX_LANGUAGE_STANDARD = "gnu++0x";
				CLANG_CXX_LIBRARY = "libc++";
				CLANG_ENABLE_MODULES = YES;
				CLANG_ENABLE_OBJC_ARC = YES;
				CLANG_WARN_BOOL_CONVERSION = YES;
				CLANG_WARN_CONSTANT_CONVERSION = YES;
				CLANG_WARN_DIRECT_OBJC_ISA_USAGE = YES_ERROR;
				CLANG_WARN_DOCUMENTATION_COMMENTS = YES;
				CLANG_WARN_EMPTY_BODY = YES;
				CLANG_WARN_ENUM_CONVERSION = YES;
				CLANG_WARN_INFINITE_RECURSION = YES;
				CLANG_WARN_INT_CONVERSION = YES;
				CLANG_WARN_OBJC_ROOT_CLASS = YES_ERROR;
				CLANG_WARN_SUSPICIOUS_MOVE = YES;
				CLANG_WARN_UNREACHABLE_CODE = YES;
				CLANG_WARN__DUPLICATE_METHOD_MATCH = YES;
				"CODE_SIGN_IDENTITY[sdk=iphoneos*]" = "iPhone Developer";
				COPY_PHASE_STRIP = NO;
				DEBUG_INFORMATION_FORMAT = dwarf;
				ENABLE_STRICT_OBJC_MSGSEND = YES;
				ENABLE_TESTABILITY = YES;
				GCC_C_LANGUAGE_STANDARD = gnu99;
				GCC_DYNAMIC_NO_PIC = NO;
				GCC_NO_COMMON_BLOCKS = YES;
				GCC_OPTIMIZATION_LEVEL = 0;
				GCC_PREPROCESSOR_DEFINITIONS = (
					"DEBUG=1",
					"$(inherited)",
				);
				GCC_WARN_64_TO_32_BIT_CONVERSION = YES;
				GCC_WARN_ABOUT_RETURN_TYPE = YES_ERROR;
				GCC_WARN_UNDECLARED_SELECTOR = YES;
				GCC_WARN_UNINITIALIZED_AUTOS = YES_AGGRESSIVE;
				GCC_WARN_UNUSED_FUNCTION = YES;
				GCC_WARN_UNUSED_VARIABLE = YES;
				IPHONEOS_DEPLOYMENT_TARGET = 10.2;
				MTL_ENABLE_DEBUG_INFO = YES;
				ONLY_ACTIVE_ARCH = YES;
				SDKROOT = iphoneos;
				SWIFT_ACTIVE_COMPILATION_CONDITIONS = DEBUG;
				SWIFT_OPTIMIZATION_LEVEL = "-Onone";
			};
			name = Debug;
		};
		834A2C6D1E8A60ED003FD1CF /* Release */ = {
			isa = XCBuildConfiguration;
			buildSettings = {
				ALWAYS_SEARCH_USER_PATHS = NO;
				CLANG_ANALYZER_NONNULL = YES;
				CLANG_CXX_LANGUAGE_STANDARD = "gnu++0x";
				CLANG_CXX_LIBRARY = "libc++";
				CLANG_ENABLE_MODULES = YES;
				CLANG_ENABLE_OBJC_ARC = YES;
				CLANG_WARN_BOOL_CONVERSION = YES;
				CLANG_WARN_CONSTANT_CONVERSION = YES;
				CLANG_WARN_DIRECT_OBJC_ISA_USAGE = YES_ERROR;
				CLANG_WARN_DOCUMENTATION_COMMENTS = YES;
				CLANG_WARN_EMPTY_BODY = YES;
				CLANG_WARN_ENUM_CONVERSION = YES;
				CLANG_WARN_INFINITE_RECURSION = YES;
				CLANG_WARN_INT_CONVERSION = YES;
				CLANG_WARN_OBJC_ROOT_CLASS = YES_ERROR;
				CLANG_WARN_SUSPICIOUS_MOVE = YES;
				CLANG_WARN_UNREACHABLE_CODE = YES;
				CLANG_WARN__DUPLICATE_METHOD_MATCH = YES;
				"CODE_SIGN_IDENTITY[sdk=iphoneos*]" = "iPhone Developer";
				COPY_PHASE_STRIP = NO;
				DEBUG_INFORMATION_FORMAT = "dwarf-with-dsym";
				ENABLE_NS_ASSERTIONS = NO;
				ENABLE_STRICT_OBJC_MSGSEND = YES;
				GCC_C_LANGUAGE_STANDARD = gnu99;
				GCC_NO_COMMON_BLOCKS = YES;
				GCC_WARN_64_TO_32_BIT_CONVERSION = YES;
				GCC_WARN_ABOUT_RETURN_TYPE = YES_ERROR;
				GCC_WARN_UNDECLARED_SELECTOR = YES;
				GCC_WARN_UNINITIALIZED_AUTOS = YES_AGGRESSIVE;
				GCC_WARN_UNUSED_FUNCTION = YES;
				GCC_WARN_UNUSED_VARIABLE = YES;
				IPHONEOS_DEPLOYMENT_TARGET = 10.2;
				MTL_ENABLE_DEBUG_INFO = NO;
				SDKROOT = iphoneos;
				SWIFT_OPTIMIZATION_LEVEL = "-Owholemodule";
				VALIDATE_PRODUCT = YES;
			};
			name = Release;
		};
		834A2C6F1E8A60ED003FD1CF /* Debug */ = {
			isa = XCBuildConfiguration;
			buildSettings = {
				ASSETCATALOG_COMPILER_APPICON_NAME = AppIcon;
				CODE_SIGN_ENTITLEMENTS = ApplePayTest/ApplePayTest.entitlements;
				DEVELOPMENT_TEAM = 58PSC9526Y;
				INFOPLIST_FILE = ApplePayTest/Info.plist;
				LD_RUNPATH_SEARCH_PATHS = "$(inherited) @executable_path/Frameworks";
				PRODUCT_BUNDLE_IDENTIFIER = io.objcio.ApplePayTest;
				PRODUCT_NAME = "$(TARGET_NAME)";
				SWIFT_VERSION = 3.0;
			};
			name = Debug;
		};
		834A2C701E8A60ED003FD1CF /* Release */ = {
			isa = XCBuildConfiguration;
			buildSettings = {
				ASSETCATALOG_COMPILER_APPICON_NAME = AppIcon;
				CODE_SIGN_ENTITLEMENTS = ApplePayTest/ApplePayTest.entitlements;
				DEVELOPMENT_TEAM = 58PSC9526Y;
				INFOPLIST_FILE = ApplePayTest/Info.plist;
				LD_RUNPATH_SEARCH_PATHS = "$(inherited) @executable_path/Frameworks";
				PRODUCT_BUNDLE_IDENTIFIER = io.objcio.ApplePayTest;
				PRODUCT_NAME = "$(TARGET_NAME)";
				SWIFT_VERSION = 3.0;
			};
			name = Release;
		};
		834A2C721E8A60ED003FD1CF /* Debug */ = {
			isa = XCBuildConfiguration;
			buildSettings = {
				ALWAYS_EMBED_SWIFT_STANDARD_LIBRARIES = YES;
				BUNDLE_LOADER = "$(TEST_HOST)";
				INFOPLIST_FILE = ApplePayTestTests/Info.plist;
				LD_RUNPATH_SEARCH_PATHS = "$(inherited) @executable_path/Frameworks @loader_path/Frameworks";
				PRODUCT_BUNDLE_IDENTIFIER = io.objcio.ApplePayTestTests;
				PRODUCT_NAME = "$(TARGET_NAME)";
				SWIFT_VERSION = 3.0;
				TEST_HOST = "$(BUILT_PRODUCTS_DIR)/ApplePayTest.app/ApplePayTest";
			};
			name = Debug;
		};
		834A2C731E8A60ED003FD1CF /* Release */ = {
			isa = XCBuildConfiguration;
			buildSettings = {
				ALWAYS_EMBED_SWIFT_STANDARD_LIBRARIES = YES;
				BUNDLE_LOADER = "$(TEST_HOST)";
				INFOPLIST_FILE = ApplePayTestTests/Info.plist;
				LD_RUNPATH_SEARCH_PATHS = "$(inherited) @executable_path/Frameworks @loader_path/Frameworks";
				PRODUCT_BUNDLE_IDENTIFIER = io.objcio.ApplePayTestTests;
				PRODUCT_NAME = "$(TARGET_NAME)";
				SWIFT_VERSION = 3.0;
				TEST_HOST = "$(BUILT_PRODUCTS_DIR)/ApplePayTest.app/ApplePayTest";
			};
			name = Release;
		};
/* End XCBuildConfiguration section */

/* Begin XCConfigurationList section */
		834A2C4C1E8A60ED003FD1CF /* Build configuration list for PBXProject "ApplePayTest" */ = {
			isa = XCConfigurationList;
			buildConfigurations = (
				834A2C6C1E8A60ED003FD1CF /* Debug */,
				834A2C6D1E8A60ED003FD1CF /* Release */,
			);
			defaultConfigurationIsVisible = 0;
			defaultConfigurationName = Release;
		};
		834A2C6E1E8A60ED003FD1CF /* Build configuration list for PBXNativeTarget "ApplePayTest" */ = {
			isa = XCConfigurationList;
			buildConfigurations = (
				834A2C6F1E8A60ED003FD1CF /* Debug */,
				834A2C701E8A60ED003FD1CF /* Release */,
			);
			defaultConfigurationIsVisible = 0;
		};
		834A2C711E8A60ED003FD1CF /* Build configuration list for PBXNativeTarget "ApplePayTestTests" */ = {
			isa = XCConfigurationList;
			buildConfigurations = (
				834A2C721E8A60ED003FD1CF /* Debug */,
				834A2C731E8A60ED003FD1CF /* Release */,
			);
			defaultConfigurationIsVisible = 0;
		};
/* End XCConfigurationList section */
	};
	rootObject = 834A2C491E8A60ED003FD1CF /* Project object */;
}
